aom
asdf
autoconf
automake
bdw-gc
brotli
c-ares
cairo
cliclick
coreutils
curl
docbook
docbook-xsl
fontconfig
freetds
freetype
fribidi
fzf
gcc
gdbm
gdk-pixbuf
gettext
ghostscript
git
glib
gmp
gnu-getopt
gnu-sed
gnutls
gobject-introspection
gossm
graphite2
guile
harfbuzz
helm
icu4c
ilmbase
imagemagick
isl
jansson
jemalloc
jpeg
krb5
libde265
libev
libevent
libffi
libgccjit
libheif
libidn2
liblqr
libmetalink
libmpc
libomp
libpng
librsvg
libssh2
libtasn1
libtiff
libtool
libunistring
libxml2
libyaml
little-cms2
lzo
mkcert
mpfr
msodbcsql17
mssql-tools
nettle
nghttp2
nspr
nss
openexr
openjpeg
openldap
openssl@1.1
p11-kit
pango
pcre
pcre2
pixman
pkg-config
poppler
postgresql
python@3.9
qt
readline
rtmpdump
shared-mime-info
skhd
sqlite
starship
tcl-tk
terraform
terraform-ls
terragrunt
texinfo
unbound
unixodbc
usql
vale
webp
x265
xmlto
xz
yabai
zstd
anydesk
authy
balenaetcher
discord
figma
firefox
font-mononoki
mactex
skype
slack
spotify
sql-tabs
teamviewer
telegram
vimr
visual-studio-code
whatsapp
zoom
