alacritty-0.6.0
asciinema-2.0.2
basic-packages
cachix-0.6.0
docker-19.03.14
docker-compose-1.27.4
elixir-1.11.2
emacsGccDarwin
erlang-22.3
go-1.15.6
inetutils-1.9.4
ipcalc-0.41
kubectl-1.19.5
nix-2.3.10
nixfmt-0.4.0
nmap-7.80
nss-cacert-3.57
openvpn-2.5.0
plantuml-1.2020.22
pwgen-2.08
python3-3.8.6
rust-analyzer-unstable-2020-11-09
sbcl-2.0.8
shfmt-3.2.1
sqlite-3.34.0
tree-1.8.0
wget-1.20.3
